
Microsoft Visual Studio Solution File, Format Version 12.00
Project("{FAE04EC0-301F-11D3-BF4B-00C04F79EFBC}") = "BulkBillCopy", "BulkBillCopy.csproj", "{ECD8DD9B-DBA8-400C-8852-AC04B0DB3E2B}"
EndProject
Global
	GlobalSection(SolutionConfigurationPlatforms) = preSolution
		Debug|Any CPU = Debug|Any CPU
		Release|Any CPU = Release|Any CPU
	EndGlobalSection
	GlobalSection(ProjectConfigurationPlatforms) = postSolution
		{ECD8DD9B-DBA8-400C-8852-AC04B0DB3E2B}.Debug|Any CPU.ActiveCfg = Debug|Any CPU
		{ECD8DD9B-DBA8-400C-8852-AC04B0DB3E2B}.Debug|Any CPU.Build.0 = Debug|Any CPU
		{ECD8DD9B-DBA8-400C-8852-AC04B0DB3E2B}.Release|Any CPU.ActiveCfg = Release|Any CPU
		{ECD8DD9B-DBA8-400C-8852-AC04B0DB3E2B}.Release|Any CPU.Build.0 = Release|Any CPU
	EndGlobalSection
EndGlobal
